
Microsoft Visual Studio Solution File, Format Version 12.00
# Visual Studio 15
VisualStudioVersion = 15.0.28307.168
MinimumVisualStudioVersion = 10.0.40219.1
Project("{9A19103F-16F7-4668-BE54-9A1E7A4F7556}") = "ApiSpec", "ApiSpec.csproj", "{9445FD82-DF06-4E5B-B811-6B2485C56E98}"
EndProject
Global
	GlobalSection(SolutionConfigurationPlatforms) = preSolution
		Debug|Any CPU = Debug|Any CPU
		Release|Any CPU = Release|Any CPU
	EndGlobalSection
	GlobalSection(ProjectConfigurationPlatforms) = postSolution
		{9445FD82-DF06-4E5B-B811-6B2485C56E98}.Debug|Any CPU.ActiveCfg = Debug|Any CPU
		{9445FD82-DF06-4E5B-B811-6B2485C56E98}.Debug|Any CPU.Build.0 = Debug|Any CPU
		{9445FD82-DF06-4E5B-B811-6B2485C56E98}.Release|Any CPU.ActiveCfg = Release|Any CPU
		{9445FD82-DF06-4E5B-B811-6B2485C56E98}.Release|Any CPU.Build.0 = Release|Any CPU
	EndGlobalSection
	GlobalSection(SolutionProperties) = preSolution
		HideSolutionNode = FALSE
	EndGlobalSection
	GlobalSection(ExtensibilityGlobals) = postSolution
		SolutionGuid = {84D2FC17-81FF-4FBB-9BCD-4BDC186302EA}
	EndGlobalSection
EndGlobal
